
Microsoft Visual Studio Solution File, Format Version 12.00
# Visual Studio Version 17
VisualStudioVersion = 17.2.32526.322
MinimumVisualStudioVersion = 10.0.40219.1
Project("{9A19103F-16F7-4668-BE54-9A1E7A4F7556}") = "ASPNETCoreWebApplication", "ASPNETCoreWebApplication\ASPNETCoreWebApplication.csproj", "{DDC5119C-A9CC-467B-BF20-0DCF85B264EF}"
EndProject
Project("{9A19103F-16F7-4668-BE54-9A1E7A4F7556}") = "EmployeeService", "EmployeeService\EmployeeService.csproj", "{6BBDE9DE-E4DF-41D4-9B96-B2617D8D3917}"
EndProject
Project("{9A19103F-16F7-4668-BE54-9A1E7A4F7556}") = "EmployeeService.Data", "EmployeeService.Data\EmployeeService.Data.csproj", "{78487A2B-514E-4069-AA81-807991881B2B}"
EndProject
Project("{9A19103F-16F7-4668-BE54-9A1E7A4F7556}") = "AccoutHelper", "AccoutHelper\AccoutHelper.csproj", "{F76901F2-FEEF-4DAA-9379-C734C40FD797}"
EndProject
Project("{9A19103F-16F7-4668-BE54-9A1E7A4F7556}") = "JwtSample", "JwtSample\JwtSample.csproj", "{2AC6A10E-4A38-4A49-B6B6-55159EF5E5E9}"
EndProject
Project("{FAE04EC0-301F-11D3-BF4B-00C04F79EFBC}") = "EmployeeServiceTests", "EmployeeServiceTests\EmployeeServiceTests.csproj", "{1CBBE6EC-656F-4775-97C6-8613ECED859A}"
EndProject
Global
	GlobalSection(SolutionConfigurationPlatforms) = preSolution
		Debug|Any CPU = Debug|Any CPU
		Release|Any CPU = Release|Any CPU
	EndGlobalSection
	GlobalSection(ProjectConfigurationPlatforms) = postSolution
		{DDC5119C-A9CC-467B-BF20-0DCF85B264EF}.Debug|Any CPU.ActiveCfg = Debug|Any CPU
		{DDC5119C-A9CC-467B-BF20-0DCF85B264EF}.Debug|Any CPU.Build.0 = Debug|Any CPU
		{DDC5119C-A9CC-467B-BF20-0DCF85B264EF}.Release|Any CPU.ActiveCfg = Release|Any CPU
		{DDC5119C-A9CC-467B-BF20-0DCF85B264EF}.Release|Any CPU.Build.0 = Release|Any CPU
		{6BBDE9DE-E4DF-41D4-9B96-B2617D8D3917}.Debug|Any CPU.ActiveCfg = Debug|Any CPU
		{6BBDE9DE-E4DF-41D4-9B96-B2617D8D3917}.Debug|Any CPU.Build.0 = Debug|Any CPU
		{6BBDE9DE-E4DF-41D4-9B96-B2617D8D3917}.Release|Any CPU.ActiveCfg = Release|Any CPU
		{6BBDE9DE-E4DF-41D4-9B96-B2617D8D3917}.Release|Any CPU.Build.0 = Release|Any CPU
		{78487A2B-514E-4069-AA81-807991881B2B}.Debug|Any CPU.ActiveCfg = Debug|Any CPU
		{78487A2B-514E-4069-AA81-807991881B2B}.Debug|Any CPU.Build.0 = Debug|Any CPU
		{78487A2B-514E-4069-AA81-807991881B2B}.Release|Any CPU.ActiveCfg = Release|Any CPU
		{78487A2B-514E-4069-AA81-807991881B2B}.Release|Any CPU.Build.0 = Release|Any CPU
		{F76901F2-FEEF-4DAA-9379-C734C40FD797}.Debug|Any CPU.ActiveCfg = Debug|Any CPU
		{F76901F2-FEEF-4DAA-9379-C734C40FD797}.Debug|Any CPU.Build.0 = Debug|Any CPU
		{F76901F2-FEEF-4DAA-9379-C734C40FD797}.Release|Any CPU.ActiveCfg = Release|Any CPU
		{F76901F2-FEEF-4DAA-9379-C734C40FD797}.Release|Any CPU.Build.0 = Release|Any CPU
		{2AC6A10E-4A38-4A49-B6B6-55159EF5E5E9}.Debug|Any CPU.ActiveCfg = Debug|Any CPU
		{2AC6A10E-4A38-4A49-B6B6-55159EF5E5E9}.Debug|Any CPU.Build.0 = Debug|Any CPU
		{2AC6A10E-4A38-4A49-B6B6-55159EF5E5E9}.Release|Any CPU.ActiveCfg = Release|Any CPU
		{2AC6A10E-4A38-4A49-B6B6-55159EF5E5E9}.Release|Any CPU.Build.0 = Release|Any CPU
		{1CBBE6EC-656F-4775-97C6-8613ECED859A}.Debug|Any CPU.ActiveCfg = Debug|Any CPU
		{1CBBE6EC-656F-4775-97C6-8613ECED859A}.Debug|Any CPU.Build.0 = Debug|Any CPU
		{1CBBE6EC-656F-4775-97C6-8613ECED859A}.Release|Any CPU.ActiveCfg = Release|Any CPU
		{1CBBE6EC-656F-4775-97C6-8613ECED859A}.Release|Any CPU.Build.0 = Release|Any CPU
	EndGlobalSection
	GlobalSection(SolutionProperties) = preSolution
		HideSolutionNode = FALSE
	EndGlobalSection
	GlobalSection(ExtensibilityGlobals) = postSolution
		SolutionGuid = {CDD65BD0-B21D-4F23-BC8A-7109A8C56960}
	EndGlobalSection
EndGlobal
